
Microsoft Visual Studio Solution File, Format Version 12.00
# Visual Studio Version 17
VisualStudioVersion = 17.14.36511.14 d17.14
MinimumVisualStudioVersion = 10.0.40219.1
Project("{FAE04EC0-301F-11D3-BF4B-00C04F79EFBC}") = "SQLiteTutorial5", "SQLiteTutorial5\SQLiteTutorial5.csproj", "{B0395F97-21C0-46C7-987D-36D64AD1E466}"
EndProject
Global
	GlobalSection(SolutionConfigurationPlatforms) = preSolution
		Debug|Any CPU = Debug|Any CPU
		Release|Any CPU = Release|Any CPU
	EndGlobalSection
	GlobalSection(ProjectConfigurationPlatforms) = postSolution
		{B0395F97-21C0-46C7-987D-36D64AD1E466}.Debug|Any CPU.ActiveCfg = Debug|Any CPU
		{B0395F97-21C0-46C7-987D-36D64AD1E466}.Debug|Any CPU.Build.0 = Debug|Any CPU
		{B0395F97-21C0-46C7-987D-36D64AD1E466}.Release|Any CPU.ActiveCfg = Release|Any CPU
		{B0395F97-21C0-46C7-987D-36D64AD1E466}.Release|Any CPU.Build.0 = Release|Any CPU
	EndGlobalSection
	GlobalSection(SolutionProperties) = preSolution
		HideSolutionNode = FALSE
	EndGlobalSection
	GlobalSection(ExtensibilityGlobals) = postSolution
		SolutionGuid = {8BCF130F-DE31-4E05-A94C-CE8ADD490836}
	EndGlobalSection
EndGlobal
